// !$*UTF8*$!
{
	archiveVersion = 1;
	classes = {
	};
	objectVersion = 46;
	objects = {

/* Begin PBXBuildFile section */
		2A31B0668E5B4A8322A3E0B2 /* Pub.swift in Sources */ = {isa = PBXBuildFile; fileRef = 2A31B47414E227CC42793AF6 /* Pub.swift */; };
		2A31B21FAAD30B0ED945991E /* emptybeer.png in Resources */ = {isa = PBXBuildFile; fileRef = 2A31BBD7A754A39498274BDA /* emptybeer.png */; };
		2A31B66B7D73ABF2DA853F6F /* PubAnnotation.swift in Sources */ = {isa = PBXBuildFile; fileRef = 2A31BE3F8966EC75104754F0 /* PubAnnotation.swift */; };
		2A31B6964FA3FD25F13BB72E /* PubMap.swift in Sources */ = {isa = PBXBuildFile; fileRef = 2A31B23C583955C8C4A56F22 /* PubMap.swift */; };
		2A31B7FDBF221FCD58A51413 /* smiley.png in Resources */ = {isa = PBXBuildFile; fileRef = 2A31B1FE958F869DE29A4297 /* smiley.png */; };
		2A31B9F9D596E71589002DBA /* beer.png in Resources */ = {isa = PBXBuildFile; fileRef = 2A31B701870F82FDFA3A949E /* beer.png */; };
		2A31BB130839B794D7B0D09E /* logo-transparent.png in Resources */ = {isa = PBXBuildFile; fileRef = 2A31BAE80670861D8016936A /* logo-transparent.png */; };
		2A31BDA3C72BFF776BA3D1E2 /* beer-background.png in Resources */ = {isa = PBXBuildFile; fileRef = 2A31BBC4930685F4EC04DAC0 /* beer-background.png */; };
		C3E5F5F21B54520800750B29 /* AppDelegate.swift in Sources */ = {isa = PBXBuildFile; fileRef = C3E5F5F11B54520800750B29 /* AppDelegate.swift */; };
		C3E5F5F51B54520800750B29 /* corner2corner.xcdatamodeld in Sources */ = {isa = PBXBuildFile; fileRef = C3E5F5F31B54520800750B29 /* corner2corner.xcdatamodeld */; };
		C3E5F5F71B54520800750B29 /* ViewController.swift in Sources */ = {isa = PBXBuildFile; fileRef = C3E5F5F61B54520800750B29 /* ViewController.swift */; };
		C3E5F5FA1B54520800750B29 /* Main.storyboard in Resources */ = {isa = PBXBuildFile; fileRef = C3E5F5F81B54520800750B29 /* Main.storyboard */; };
		C3E5F5FC1B54520800750B29 /* Images.xcassets in Resources */ = {isa = PBXBuildFile; fileRef = C3E5F5FB1B54520800750B29 /* Images.xcassets */; };
		C3E5F5FF1B54520800750B29 /* LaunchScreen.xib in Resources */ = {isa = PBXBuildFile; fileRef = C3E5F5FD1B54520800750B29 /* LaunchScreen.xib */; };
		C3E5F60B1B54520800750B29 /* corner2cornerTests.swift in Sources */ = {isa = PBXBuildFile; fileRef = C3E5F60A1B54520800750B29 /* corner2cornerTests.swift */; };
		C3E5F6151B5454F700750B29 /* MapKit.framework in Frameworks */ = {isa = PBXBuildFile; fileRef = C3E5F6141B5454F700750B29 /* MapKit.framework */; };
		CF58C0826EE79F1632259F2C /* FetchService.swift in Sources */ = {isa = PBXBuildFile; fileRef = CF58C3C4C4280622CC856913 /* FetchService.swift */; };
		CF58CC2A5EDE2F0C2D8DB238 /* Event.swift in Sources */ = {isa = PBXBuildFile; fileRef = CF58C15C71364227DF7EC91F /* Event.swift */; };
/* End PBXBuildFile section */

/* Begin PBXContainerItemProxy section */
		C3E5F6051B54520800750B29 /* PBXContainerItemProxy */ = {
			isa = PBXContainerItemProxy;
			containerPortal = C3E5F5E41B54520800750B29 /* Project object */;
			proxyType = 1;
			remoteGlobalIDString = C3E5F5EB1B54520800750B29;
			remoteInfo = corner2corner;
		};
/* End PBXContainerItemProxy section */

/* Begin PBXFileReference section */
		2A31B1FE958F869DE29A4297 /* smiley.png */ = {isa = PBXFileReference; lastKnownFileType = image.png; path = smiley.png; sourceTree = "<group>"; };
		2A31B23C583955C8C4A56F22 /* PubMap.swift */ = {isa = PBXFileReference; fileEncoding = 4; lastKnownFileType = sourcecode.swift; path = PubMap.swift; sourceTree = "<group>"; };
		2A31B47414E227CC42793AF6 /* Pub.swift */ = {isa = PBXFileReference; fileEncoding = 4; lastKnownFileType = sourcecode.swift; path = Pub.swift; sourceTree = "<group>"; };
		2A31B701870F82FDFA3A949E /* beer.png */ = {isa = PBXFileReference; lastKnownFileType = image.png; path = beer.png; sourceTree = "<group>"; };
		2A31BAE80670861D8016936A /* logo-transparent.png */ = {isa = PBXFileReference; lastKnownFileType = image.png; path = "logo-transparent.png"; sourceTree = "<group>"; };
		2A31BBC4930685F4EC04DAC0 /* beer-background.png */ = {isa = PBXFileReference; lastKnownFileType = image.png; path = "beer-background.png"; sourceTree = "<group>"; };
		2A31BBD7A754A39498274BDA /* emptybeer.png */ = {isa = PBXFileReference; lastKnownFileType = image.png; path = emptybeer.png; sourceTree = "<group>"; };
		2A31BE3F8966EC75104754F0 /* PubAnnotation.swift */ = {isa = PBXFileReference; fileEncoding = 4; lastKnownFileType = sourcecode.swift; path = PubAnnotation.swift; sourceTree = "<group>"; };
		C3E5F5EC1B54520800750B29 /* corner2corner.app */ = {isa = PBXFileReference; explicitFileType = wrapper.application; includeInIndex = 0; path = corner2corner.app; sourceTree = BUILT_PRODUCTS_DIR; };
		C3E5F5F01B54520800750B29 /* Info.plist */ = {isa = PBXFileReference; lastKnownFileType = text.plist.xml; path = Info.plist; sourceTree = "<group>"; };
		C3E5F5F11B54520800750B29 /* AppDelegate.swift */ = {isa = PBXFileReference; lastKnownFileType = sourcecode.swift; path = AppDelegate.swift; sourceTree = "<group>"; };
		C3E5F5F41B54520800750B29 /* corner2corner.xcdatamodel */ = {isa = PBXFileReference; lastKnownFileType = wrapper.xcdatamodel; path = corner2corner.xcdatamodel; sourceTree = "<group>"; };
		C3E5F5F61B54520800750B29 /* ViewController.swift */ = {isa = PBXFileReference; lastKnownFileType = sourcecode.swift; path = ViewController.swift; sourceTree = "<group>"; };
		C3E5F5F91B54520800750B29 /* Base */ = {isa = PBXFileReference; lastKnownFileType = file.storyboard; name = Base; path = Base.lproj/Main.storyboard; sourceTree = "<group>"; };
		C3E5F5FB1B54520800750B29 /* Images.xcassets */ = {isa = PBXFileReference; lastKnownFileType = folder.assetcatalog; path = Images.xcassets; sourceTree = "<group>"; };
		C3E5F5FE1B54520800750B29 /* Base */ = {isa = PBXFileReference; lastKnownFileType = file.xib; name = Base; path = Base.lproj/LaunchScreen.xib; sourceTree = "<group>"; };
		C3E5F6041B54520800750B29 /* corner2cornerTests.xctest */ = {isa = PBXFileReference; explicitFileType = wrapper.cfbundle; includeInIndex = 0; path = corner2cornerTests.xctest; sourceTree = BUILT_PRODUCTS_DIR; };
		C3E5F6091B54520800750B29 /* Info.plist */ = {isa = PBXFileReference; lastKnownFileType = text.plist.xml; path = Info.plist; sourceTree = "<group>"; };
		C3E5F60A1B54520800750B29 /* corner2cornerTests.swift */ = {isa = PBXFileReference; lastKnownFileType = sourcecode.swift; path = corner2cornerTests.swift; sourceTree = "<group>"; };
		C3E5F6141B5454F700750B29 /* MapKit.framework */ = {isa = PBXFileReference; lastKnownFileType = wrapper.framework; name = MapKit.framework; path = System/Library/Frameworks/MapKit.framework; sourceTree = SDKROOT; };
		CF58C15C71364227DF7EC91F /* Event.swift */ = {isa = PBXFileReference; fileEncoding = 4; lastKnownFileType = sourcecode.swift; path = Event.swift; sourceTree = "<group>"; };
		CF58C3C4C4280622CC856913 /* FetchService.swift */ = {isa = PBXFileReference; fileEncoding = 4; lastKnownFileType = sourcecode.swift; path = FetchService.swift; sourceTree = "<group>"; };
/* End PBXFileReference section */

/* Begin PBXFrameworksBuildPhase section */
		C3E5F5E91B54520800750B29 /* Frameworks */ = {
			isa = PBXFrameworksBuildPhase;
			buildActionMask = 2147483647;
			files = (
				C3E5F6151B5454F700750B29 /* MapKit.framework in Frameworks */,
			);
			runOnlyForDeploymentPostprocessing = 0;
		};
		C3E5F6011B54520800750B29 /* Frameworks */ = {
			isa = PBXFrameworksBuildPhase;
			buildActionMask = 2147483647;
			files = (
			);
			runOnlyForDeploymentPostprocessing = 0;
		};
/* End PBXFrameworksBuildPhase section */

/* Begin PBXGroup section */
		C3E5F5E31B54520800750B29 = {
			isa = PBXGroup;
			children = (
				C3E5F6141B5454F700750B29 /* MapKit.framework */,
				C3E5F5EE1B54520800750B29 /* corner2corner */,
				C3E5F6071B54520800750B29 /* corner2cornerTests */,
				C3E5F5ED1B54520800750B29 /* Products */,
			);
			sourceTree = "<group>";
		};
		C3E5F5ED1B54520800750B29 /* Products */ = {
			isa = PBXGroup;
			children = (
				C3E5F5EC1B54520800750B29 /* corner2corner.app */,
				C3E5F6041B54520800750B29 /* corner2cornerTests.xctest */,
			);
			name = Products;
			sourceTree = "<group>";
		};
		C3E5F5EE1B54520800750B29 /* corner2corner */ = {
			isa = PBXGroup;
			children = (
				C3E5F5F11B54520800750B29 /* AppDelegate.swift */,
				C3E5F5F61B54520800750B29 /* ViewController.swift */,
				C3E5F5F81B54520800750B29 /* Main.storyboard */,
				C3E5F5FB1B54520800750B29 /* Images.xcassets */,
				C3E5F5FD1B54520800750B29 /* LaunchScreen.xib */,
				C3E5F5F31B54520800750B29 /* corner2corner.xcdatamodeld */,
				C3E5F5EF1B54520800750B29 /* Supporting Files */,
				2A31B47414E227CC42793AF6 /* Pub.swift */,
				2A31BE3F8966EC75104754F0 /* PubAnnotation.swift */,
				2A31BBD7A754A39498274BDA /* emptybeer.png */,
				2A31B701870F82FDFA3A949E /* beer.png */,
				2A31B1FE958F869DE29A4297 /* smiley.png */,
				2A31B23C583955C8C4A56F22 /* PubMap.swift */,
				2A31BBC4930685F4EC04DAC0 /* beer-background.png */,
				2A31BAE80670861D8016936A /* logo-transparent.png */,
				CF58C3C4C4280622CC856913 /* FetchService.swift */,
				CF58C7315757305379A4DB6D /* Event */,
			);
			path = corner2corner;
			sourceTree = "<group>";
		};
		C3E5F5EF1B54520800750B29 /* Supporting Files */ = {
			isa = PBXGroup;
			children = (
				C3E5F5F01B54520800750B29 /* Info.plist */,
			);
			name = "Supporting Files";
			sourceTree = "<group>";
		};
		C3E5F6071B54520800750B29 /* corner2cornerTests */ = {
			isa = PBXGroup;
			children = (
				C3E5F60A1B54520800750B29 /* corner2cornerTests.swift */,
				C3E5F6081B54520800750B29 /* Supporting Files */,
			);
			path = corner2cornerTests;
			sourceTree = "<group>";
		};
		C3E5F6081B54520800750B29 /* Supporting Files */ = {
			isa = PBXGroup;
			children = (
				C3E5F6091B54520800750B29 /* Info.plist */,
			);
			name = "Supporting Files";
			sourceTree = "<group>";
		};
		CF58C7315757305379A4DB6D /* Event */ = {
			isa = PBXGroup;
			children = (
				CF58C15C71364227DF7EC91F /* Event.swift */,
			);
			path = Event;
			sourceTree = "<group>";
		};
/* End PBXGroup section */

/* Begin PBXNativeTarget section */
		C3E5F5EB1B54520800750B29 /* corner2corner */ = {
			isa = PBXNativeTarget;
			buildConfigurationList = C3E5F60E1B54520800750B29 /* Build configuration list for PBXNativeTarget "corner2corner" */;
			buildPhases = (
				C3E5F5E81B54520800750B29 /* Sources */,
				C3E5F5E91B54520800750B29 /* Frameworks */,
				C3E5F5EA1B54520800750B29 /* Resources */,
			);
			buildRules = (
			);
			dependencies = (
			);
			name = corner2corner;
			productName = corner2corner;
			productReference = C3E5F5EC1B54520800750B29 /* corner2corner.app */;
			productType = "com.apple.product-type.application";
		};
		C3E5F6031B54520800750B29 /* corner2cornerTests */ = {
			isa = PBXNativeTarget;
			buildConfigurationList = C3E5F6111B54520800750B29 /* Build configuration list for PBXNativeTarget "corner2cornerTests" */;
			buildPhases = (
				C3E5F6001B54520800750B29 /* Sources */,
				C3E5F6011B54520800750B29 /* Frameworks */,
				C3E5F6021B54520800750B29 /* Resources */,
			);
			buildRules = (
			);
			dependencies = (
				C3E5F6061B54520800750B29 /* PBXTargetDependency */,
			);
			name = corner2cornerTests;
			productName = corner2cornerTests;
			productReference = C3E5F6041B54520800750B29 /* corner2cornerTests.xctest */;
			productType = "com.apple.product-type.bundle.unit-test";
		};
/* End PBXNativeTarget section */

/* Begin PBXProject section */
		C3E5F5E41B54520800750B29 /* Project object */ = {
			isa = PBXProject;
			attributes = {
				LastUpgradeCheck = 0640;
				ORGANIZATIONNAME = "Vidar Ramdal";
				TargetAttributes = {
					C3E5F5EB1B54520800750B29 = {
						CreatedOnToolsVersion = 6.4;
					};
					C3E5F6031B54520800750B29 = {
						CreatedOnToolsVersion = 6.4;
						TestTargetID = C3E5F5EB1B54520800750B29;
					};
				};
			};
			buildConfigurationList = C3E5F5E71B54520800750B29 /* Build configuration list for PBXProject "corner2corner" */;
			compatibilityVersion = "Xcode 3.2";
			developmentRegion = English;
			hasScannedForEncodings = 0;
			knownRegions = (
				en,
				Base,
			);
			mainGroup = C3E5F5E31B54520800750B29;
			productRefGroup = C3E5F5ED1B54520800750B29 /* Products */;
			projectDirPath = "";
			projectRoot = "";
			targets = (
				C3E5F5EB1B54520800750B29 /* corner2corner */,
				C3E5F6031B54520800750B29 /* corner2cornerTests */,
			);
		};
/* End PBXProject section */

/* Begin PBXResourcesBuildPhase section */
		C3E5F5EA1B54520800750B29 /* Resources */ = {
			isa = PBXResourcesBuildPhase;
			buildActionMask = 2147483647;
			files = (
				C3E5F5FA1B54520800750B29 /* Main.storyboard in Resources */,
				C3E5F5FF1B54520800750B29 /* LaunchScreen.xib in Resources */,
				C3E5F5FC1B54520800750B29 /* Images.xcassets in Resources */,
				2A31B21FAAD30B0ED945991E /* emptybeer.png in Resources */,
				2A31B9F9D596E71589002DBA /* beer.png in Resources */,
				2A31B7FDBF221FCD58A51413 /* smiley.png in Resources */,
				2A31BDA3C72BFF776BA3D1E2 /* beer-background.png in Resources */,
				2A31BB130839B794D7B0D09E /* logo-transparent.png in Resources */,
			);
			runOnlyForDeploymentPostprocessing = 0;
		};
		C3E5F6021B54520800750B29 /* Resources */ = {
			isa = PBXResourcesBuildPhase;
			buildActionMask = 2147483647;
			files = (
			);
			runOnlyForDeploymentPostprocessing = 0;
		};
/* End PBXResourcesBuildPhase section */

/* Begin PBXSourcesBuildPhase section */
		C3E5F5E81B54520800750B29 /* Sources */ = {
			isa = PBXSourcesBuildPhase;
			buildActionMask = 2147483647;
			files = (
				C3E5F5F71B54520800750B29 /* ViewController.swift in Sources */,
				C3E5F5F51B54520800750B29 /* corner2corner.xcdatamodeld in Sources */,
				C3E5F5F21B54520800750B29 /* AppDelegate.swift in Sources */,
				2A31B0668E5B4A8322A3E0B2 /* Pub.swift in Sources */,
				2A31B66B7D73ABF2DA853F6F /* PubAnnotation.swift in Sources */,
				2A31B6964FA3FD25F13BB72E /* PubMap.swift in Sources */,
				CF58C0826EE79F1632259F2C /* FetchService.swift in Sources */,
				CF58CC2A5EDE2F0C2D8DB238 /* Event.swift in Sources */,
			);
			runOnlyForDeploymentPostprocessing = 0;
		};
		C3E5F6001B54520800750B29 /* Sources */ = {
			isa = PBXSourcesBuildPhase;
			buildActionMask = 2147483647;
			files = (
				C3E5F60B1B54520800750B29 /* corner2cornerTests.swift in Sources */,
			);
			runOnlyForDeploymentPostprocessing = 0;
		};
/* End PBXSourcesBuildPhase section */

/* Begin PBXTargetDependency section */
		C3E5F6061B54520800750B29 /* PBXTargetDependency */ = {
			isa = PBXTargetDependency;
			target = C3E5F5EB1B54520800750B29 /* corner2corner */;
			targetProxy = C3E5F6051B54520800750B29 /* PBXContainerItemProxy */;
		};
/* End PBXTargetDependency section */

/* Begin PBXVariantGroup section */
		C3E5F5F81B54520800750B29 /* Main.storyboard */ = {
			isa = PBXVariantGroup;
			children = (
				C3E5F5F91B54520800750B29 /* Base */,
			);
			name = Main.storyboard;
			sourceTree = "<group>";
		};
		C3E5F5FD1B54520800750B29 /* LaunchScreen.xib */ = {
			isa = PBXVariantGroup;
			children = (
				C3E5F5FE1B54520800750B29 /* Base */,
			);
			name = LaunchScreen.xib;
			sourceTree = "<group>";
		};
/* End PBXVariantGroup section */

/* Begin XCBuildConfiguration section */
		C3E5F60C1B54520800750B29 /* Debug */ = {
			isa = XCBuildConfiguration;
			buildSettings = {
				ALWAYS_SEARCH_USER_PATHS = NO;
				CLANG_CXX_LANGUAGE_STANDARD = "gnu++0x";
				CLANG_CXX_LIBRARY = "libc++";
				CLANG_ENABLE_MODULES = YES;
				CLANG_ENABLE_OBJC_ARC = YES;
				CLANG_WARN_BOOL_CONVERSION = YES;
				CLANG_WARN_CONSTANT_CONVERSION = YES;
				CLANG_WARN_DIRECT_OBJC_ISA_USAGE = YES_ERROR;
				CLANG_WARN_EMPTY_BODY = YES;
				CLANG_WARN_ENUM_CONVERSION = YES;
				CLANG_WARN_INT_CONVERSION = YES;
				CLANG_WARN_OBJC_ROOT_CLASS = YES_ERROR;
				CLANG_WARN_UNREACHABLE_CODE = YES;
				CLANG_WARN__DUPLICATE_METHOD_MATCH = YES;
				"CODE_SIGN_IDENTITY[sdk=iphoneos*]" = "iPhone Developer";
				COPY_PHASE_STRIP = NO;
				DEBUG_INFORMATION_FORMAT = "dwarf-with-dsym";
				ENABLE_STRICT_OBJC_MSGSEND = YES;
				GCC_C_LANGUAGE_STANDARD = gnu99;
				GCC_DYNAMIC_NO_PIC = NO;
				GCC_NO_COMMON_BLOCKS = YES;
				GCC_OPTIMIZATION_LEVEL = 0;
				GCC_PREPROCESSOR_DEFINITIONS = (
					"DEBUG=1",
					"$(inherited)",
				);
				GCC_SYMBOLS_PRIVATE_EXTERN = NO;
				GCC_WARN_64_TO_32_BIT_CONVERSION = YES;
				GCC_WARN_ABOUT_RETURN_TYPE = YES_ERROR;
				GCC_WARN_UNDECLARED_SELECTOR = YES;
				GCC_WARN_UNINITIALIZED_AUTOS = YES_AGGRESSIVE;
				GCC_WARN_UNUSED_FUNCTION = YES;
				GCC_WARN_UNUSED_VARIABLE = YES;
				IPHONEOS_DEPLOYMENT_TARGET = 8.4;
				MTL_ENABLE_DEBUG_INFO = YES;
				ONLY_ACTIVE_ARCH = YES;
				SDKROOT = iphoneos;
				SWIFT_OPTIMIZATION_LEVEL = "-Onone";
				TARGETED_DEVICE_FAMILY = "1,2";
			};
			name = Debug;
		};
		C3E5F60D1B54520800750B29 /* Release */ = {
			isa = XCBuildConfiguration;
			buildSettings = {
				ALWAYS_SEARCH_USER_PATHS = NO;
				CLANG_CXX_LANGUAGE_STANDARD = "gnu++0x";
				CLANG_CXX_LIBRARY = "libc++";
				CLANG_ENABLE_MODULES = YES;
				CLANG_ENABLE_OBJC_ARC = YES;
				CLANG_WARN_BOOL_CONVERSION = YES;
				CLANG_WARN_CONSTANT_CONVERSION = YES;
				CLANG_WARN_DIRECT_OBJC_ISA_USAGE = YES_ERROR;
				CLANG_WARN_EMPTY_BODY = YES;
				CLANG_WARN_ENUM_CONVERSION = YES;
				CLANG_WARN_INT_CONVERSION = YES;
				CLANG_WARN_OBJC_ROOT_CLASS = YES_ERROR;
				CLANG_WARN_UNREACHABLE_CODE = YES;
				CLANG_WARN__DUPLICATE_METHOD_MATCH = YES;
				"CODE_SIGN_IDENTITY[sdk=iphoneos*]" = "iPhone Developer";
				COPY_PHASE_STRIP = NO;
				DEBUG_INFORMATION_FORMAT = "dwarf-with-dsym";
				ENABLE_NS_ASSERTIONS = NO;
				ENABLE_STRICT_OBJC_MSGSEND = YES;
				GCC_C_LANGUAGE_STANDARD = gnu99;
				GCC_NO_COMMON_BLOCKS = YES;
				GCC_WARN_64_TO_32_BIT_CONVERSION = YES;
				GCC_WARN_ABOUT_RETURN_TYPE = YES_ERROR;
				GCC_WARN_UNDECLARED_SELECTOR = YES;
				GCC_WARN_UNINITIALIZED_AUTOS = YES_AGGRESSIVE;
				GCC_WARN_UNUSED_FUNCTION = YES;
				GCC_WARN_UNUSED_VARIABLE = YES;
				IPHONEOS_DEPLOYMENT_TARGET = 8.4;
				MTL_ENABLE_DEBUG_INFO = NO;
				SDKROOT = iphoneos;
				TARGETED_DEVICE_FAMILY = "1,2";
				VALIDATE_PRODUCT = YES;
			};
			name = Release;
		};
		C3E5F60F1B54520800750B29 /* Debug */ = {
			isa = XCBuildConfiguration;
			buildSettings = {
				ASSETCATALOG_COMPILER_APPICON_NAME = AppIcon;
				ASSETCATALOG_COMPILER_LAUNCHIMAGE_NAME = LaunchImage;
				INFOPLIST_FILE = corner2corner/Info.plist;
				LD_RUNPATH_SEARCH_PATHS = "$(inherited) @executable_path/Frameworks";
				PRODUCT_NAME = "$(TARGET_NAME)";
			};
			name = Debug;
		};
		C3E5F6101B54520800750B29 /* Release */ = {
			isa = XCBuildConfiguration;
			buildSettings = {
				ASSETCATALOG_COMPILER_APPICON_NAME = AppIcon;
				ASSETCATALOG_COMPILER_LAUNCHIMAGE_NAME = LaunchImage;
				INFOPLIST_FILE = corner2corner/Info.plist;
				LD_RUNPATH_SEARCH_PATHS = "$(inherited) @executable_path/Frameworks";
				PRODUCT_NAME = "$(TARGET_NAME)";
			};
			name = Release;
		};
		C3E5F6121B54520800750B29 /* Debug */ = {
			isa = XCBuildConfiguration;
			buildSettings = {
				BUNDLE_LOADER = "$(TEST_HOST)";
				FRAMEWORK_SEARCH_PATHS = (
					"$(SDKROOT)/Developer/Library/Frameworks",
					"$(inherited)",
				);
				GCC_PREPROCESSOR_DEFINITIONS = (
					"DEBUG=1",
					"$(inherited)",
				);
				INFOPLIST_FILE = corner2cornerTests/Info.plist;
				LD_RUNPATH_SEARCH_PATHS = "$(inherited) @executable_path/Frameworks @loader_path/Frameworks";
				PRODUCT_NAME = "$(TARGET_NAME)";
				TEST_HOST = "$(BUILT_PRODUCTS_DIR)/corner2corner.app/corner2corner";
			};
			name = Debug;
		};
		C3E5F6131B54520800750B29 /* Release */ = {
			isa = XCBuildConfiguration;
			buildSettings = {
				BUNDLE_LOADER = "$(TEST_HOST)";
				FRAMEWORK_SEARCH_PATHS = (
					"$(SDKROOT)/Developer/Library/Frameworks",
					"$(inherited)",
				);
				INFOPLIST_FILE = corner2cornerTests/Info.plist;
				LD_RUNPATH_SEARCH_PATHS = "$(inherited) @executable_path/Frameworks @loader_path/Frameworks";
				PRODUCT_NAME = "$(TARGET_NAME)";
				TEST_HOST = "$(BUILT_PRODUCTS_DIR)/corner2corner.app/corner2corner";
			};
			name = Release;
		};
/* End XCBuildConfiguration section */

/* Begin XCConfigurationList section */
		C3E5F5E71B54520800750B29 /* Build configuration list for PBXProject "corner2corner" */ = {
			isa = XCConfigurationList;
			buildConfigurations = (
				C3E5F60C1B54520800750B29 /* Debug */,
				C3E5F60D1B54520800750B29 /* Release */,
			);
			defaultConfigurationIsVisible = 0;
			defaultConfigurationName = Release;
		};
		C3E5F60E1B54520800750B29 /* Build configuration list for PBXNativeTarget "corner2corner" */ = {
			isa = XCConfigurationList;
			buildConfigurations = (
				C3E5F60F1B54520800750B29 /* Debug */,
				C3E5F6101B54520800750B29 /* Release */,
			);
			defaultConfigurationIsVisible = 0;
			defaultConfigurationName = Release;
		};
		C3E5F6111B54520800750B29 /* Build configuration list for PBXNativeTarget "corner2cornerTests" */ = {
			isa = XCConfigurationList;
			buildConfigurations = (
				C3E5F6121B54520800750B29 /* Debug */,
				C3E5F6131B54520800750B29 /* Release */,
			);
			defaultConfigurationIsVisible = 0;
			defaultConfigurationName = Release;
		};
/* End XCConfigurationList section */

/* Begin XCVersionGroup section */
		C3E5F5F31B54520800750B29 /* corner2corner.xcdatamodeld */ = {
			isa = XCVersionGroup;
			children = (
				C3E5F5F41B54520800750B29 /* corner2corner.xcdatamodel */,
			);
			currentVersion = C3E5F5F41B54520800750B29 /* corner2corner.xcdatamodel */;
			path = corner2corner.xcdatamodeld;
			sourceTree = "<group>";
			versionGroupType = wrapper.xcdatamodel;
		};
/* End XCVersionGroup section */
	};
	rootObject = C3E5F5E41B54520800750B29 /* Project object */;
}
